// !$*UTF8*$!
{
	archiveVersion = 1;
	classes = {
	};
	objectVersion = 56;
	objects = {

/* Begin PBXBuildFile section */
		8F81C5C129FAE760004CD990 /* PokemonDataApp.swift in Sources */ = {isa = PBXBuildFile; fileRef = 8F81C5C029FAE760004CD990 /* PokemonDataApp.swift */; };
		8F81C5C329FAE760004CD990 /* ContentView.swift in Sources */ = {isa = PBXBuildFile; fileRef = 8F81C5C229FAE760004CD990 /* ContentView.swift */; };
		8F81C5C529FAE763004CD990 /* Assets.xcassets in Resources */ = {isa = PBXBuildFile; fileRef = 8F81C5C429FAE763004CD990 /* Assets.xcassets */; };
		8F81C5C829FAE763004CD990 /* Preview Assets.xcassets in Resources */ = {isa = PBXBuildFile; fileRef = 8F81C5C729FAE763004CD990 /* Preview Assets.xcassets */; };
		8F81C5D329FAE8AE004CD990 /* APIManagerUsingProtocol.swift in Sources */ = {isa = PBXBuildFile; fileRef = 8F81C5D229FAE8AE004CD990 /* APIManagerUsingProtocol.swift */; };
		8F81C5D529FAED0C004CD990 /* ApiViewModel.swift in Sources */ = {isa = PBXBuildFile; fileRef = 8F81C5D429FAED0C004CD990 /* ApiViewModel.swift */; };
		8F81C5D729FAEE7C004CD990 /* PokemonModel.swift in Sources */ = {isa = PBXBuildFile; fileRef = 8F81C5D629FAEE7C004CD990 /* PokemonModel.swift */; };
		8F81C5D929FAEEBA004CD990 /* Ability.swift in Sources */ = {isa = PBXBuildFile; fileRef = 8F81C5D829FAEEBA004CD990 /* Ability.swift */; };
		8F81C5DB29FAEF06004CD990 /* ApiView.swift in Sources */ = {isa = PBXBuildFile; fileRef = 8F81C5DA29FAEF06004CD990 /* ApiView.swift */; };
		8F81C5DD29FAF133004CD990 /* PokemonDetailView.swift in Sources */ = {isa = PBXBuildFile; fileRef = 8F81C5DC29FAF133004CD990 /* PokemonDetailView.swift */; };
		8F81C5DF29FAF279004CD990 /* Abilities.swift in Sources */ = {isa = PBXBuildFile; fileRef = 8F81C5DE29FAF279004CD990 /* Abilities.swift */; };
		8F81C5E129FAF49E004CD990 /* PokemonDetail.swift in Sources */ = {isa = PBXBuildFile; fileRef = 8F81C5E029FAF49E004CD990 /* PokemonDetail.swift */; };
		8F81C5E329FD717B004CD990 /* APIManager.swift in Sources */ = {isa = PBXBuildFile; fileRef = 8F81C5E229FD717B004CD990 /* APIManager.swift */; };
/* End PBXBuildFile section */

/* Begin PBXFileReference section */
		8F81C5BD29FAE760004CD990 /* PokemonData.app */ = {isa = PBXFileReference; explicitFileType = wrapper.application; includeInIndex = 0; path = PokemonData.app; sourceTree = BUILT_PRODUCTS_DIR; };
		8F81C5C029FAE760004CD990 /* PokemonDataApp.swift */ = {isa = PBXFileReference; lastKnownFileType = sourcecode.swift; path = PokemonDataApp.swift; sourceTree = "<group>"; };
		8F81C5C229FAE760004CD990 /* ContentView.swift */ = {isa = PBXFileReference; lastKnownFileType = sourcecode.swift; path = ContentView.swift; sourceTree = "<group>"; };
		8F81C5C429FAE763004CD990 /* Assets.xcassets */ = {isa = PBXFileReference; lastKnownFileType = folder.assetcatalog; path = Assets.xcassets; sourceTree = "<group>"; };
		8F81C5C729FAE763004CD990 /* Preview Assets.xcassets */ = {isa = PBXFileReference; lastKnownFileType = folder.assetcatalog; path = "Preview Assets.xcassets"; sourceTree = "<group>"; };
		8F81C5D229FAE8AE004CD990 /* APIManagerUsingProtocol.swift */ = {isa = PBXFileReference; lastKnownFileType = sourcecode.swift; path = APIManagerUsingProtocol.swift; sourceTree = "<group>"; };
		8F81C5D429FAED0C004CD990 /* ApiViewModel.swift */ = {isa = PBXFileReference; lastKnownFileType = sourcecode.swift; path = ApiViewModel.swift; sourceTree = "<group>"; };
		8F81C5D629FAEE7C004CD990 /* PokemonModel.swift */ = {isa = PBXFileReference; lastKnownFileType = sourcecode.swift; path = PokemonModel.swift; sourceTree = "<group>"; };
		8F81C5D829FAEEBA004CD990 /* Ability.swift */ = {isa = PBXFileReference; lastKnownFileType = sourcecode.swift; path = Ability.swift; sourceTree = "<group>"; };
		8F81C5DA29FAEF06004CD990 /* ApiView.swift */ = {isa = PBXFileReference; lastKnownFileType = sourcecode.swift; path = ApiView.swift; sourceTree = "<group>"; };
		8F81C5DC29FAF133004CD990 /* PokemonDetailView.swift */ = {isa = PBXFileReference; lastKnownFileType = sourcecode.swift; path = PokemonDetailView.swift; sourceTree = "<group>"; };
		8F81C5DE29FAF279004CD990 /* Abilities.swift */ = {isa = PBXFileReference; lastKnownFileType = sourcecode.swift; path = Abilities.swift; sourceTree = "<group>"; };
		8F81C5E029FAF49E004CD990 /* PokemonDetail.swift */ = {isa = PBXFileReference; lastKnownFileType = sourcecode.swift; path = PokemonDetail.swift; sourceTree = "<group>"; };
		8F81C5E229FD717B004CD990 /* APIManager.swift */ = {isa = PBXFileReference; lastKnownFileType = sourcecode.swift; path = APIManager.swift; sourceTree = "<group>"; };
/* End PBXFileReference section */

/* Begin PBXFrameworksBuildPhase section */
		8F81C5BA29FAE760004CD990 /* Frameworks */ = {
			isa = PBXFrameworksBuildPhase;
			buildActionMask = 2147483647;
			files = (
			);
			runOnlyForDeploymentPostprocessing = 0;
		};
/* End PBXFrameworksBuildPhase section */

/* Begin PBXGroup section */
		8F81C5B429FAE760004CD990 = {
			isa = PBXGroup;
			children = (
				8F81C5BF29FAE760004CD990 /* PokemonData */,
				8F81C5BE29FAE760004CD990 /* Products */,
			);
			sourceTree = "<group>";
		};
		8F81C5BE29FAE760004CD990 /* Products */ = {
			isa = PBXGroup;
			children = (
				8F81C5BD29FAE760004CD990 /* PokemonData.app */,
			);
			name = Products;
			sourceTree = "<group>";
		};
		8F81C5BF29FAE760004CD990 /* PokemonData */ = {
			isa = PBXGroup;
			children = (
				8F81C5D129FAE846004CD990 /* Networking */,
				8F81C5D029FAE79B004CD990 /* Model */,
				8F81C5CF29FAE78F004CD990 /* View */,
				8F81C5CE29FAE772004CD990 /* ViewModel */,
				8F81C5C029FAE760004CD990 /* PokemonDataApp.swift */,
				8F81C5C229FAE760004CD990 /* ContentView.swift */,
				8F81C5C429FAE763004CD990 /* Assets.xcassets */,
				8F81C5C629FAE763004CD990 /* Preview Content */,
			);
			path = PokemonData;
			sourceTree = "<group>";
		};
		8F81C5C629FAE763004CD990 /* Preview Content */ = {
			isa = PBXGroup;
			children = (
				8F81C5C729FAE763004CD990 /* Preview Assets.xcassets */,
			);
			path = "Preview Content";
			sourceTree = "<group>";
		};
		8F81C5CE29FAE772004CD990 /* ViewModel */ = {
			isa = PBXGroup;
			children = (
				8F81C5D429FAED0C004CD990 /* ApiViewModel.swift */,
			);
			path = ViewModel;
			sourceTree = "<group>";
		};
		8F81C5CF29FAE78F004CD990 /* View */ = {
			isa = PBXGroup;
			children = (
				8F81C5DA29FAEF06004CD990 /* ApiView.swift */,
				8F81C5DC29FAF133004CD990 /* PokemonDetailView.swift */,
			);
			path = View;
			sourceTree = "<group>";
		};
		8F81C5D029FAE79B004CD990 /* Model */ = {
			isa = PBXGroup;
			children = (
				8F81C5D629FAEE7C004CD990 /* PokemonModel.swift */,
				8F81C5D829FAEEBA004CD990 /* Ability.swift */,
				8F81C5DE29FAF279004CD990 /* Abilities.swift */,
				8F81C5E029FAF49E004CD990 /* PokemonDetail.swift */,
			);
			path = Model;
			sourceTree = "<group>";
		};
		8F81C5D129FAE846004CD990 /* Networking */ = {
			isa = PBXGroup;
			children = (
				8F81C5D229FAE8AE004CD990 /* APIManagerUsingProtocol.swift */,
				8F81C5E229FD717B004CD990 /* APIManager.swift */,
			);
			path = Networking;
			sourceTree = "<group>";
		};
/* End PBXGroup section */

/* Begin PBXNativeTarget section */
		8F81C5BC29FAE760004CD990 /* PokemonData */ = {
			isa = PBXNativeTarget;
			buildConfigurationList = 8F81C5CB29FAE763004CD990 /* Build configuration list for PBXNativeTarget "PokemonData" */;
			buildPhases = (
				8F81C5B929FAE760004CD990 /* Sources */,
				8F81C5BA29FAE760004CD990 /* Frameworks */,
				8F81C5BB29FAE760004CD990 /* Resources */,
			);
			buildRules = (
			);
			dependencies = (
			);
			name = PokemonData;
			productName = PokemonData;
			productReference = 8F81C5BD29FAE760004CD990 /* PokemonData.app */;
			productType = "com.apple.product-type.application";
		};
/* End PBXNativeTarget section */

/* Begin PBXProject section */
		8F81C5B529FAE760004CD990 /* Project object */ = {
			isa = PBXProject;
			attributes = {
				BuildIndependentTargetsInParallel = 1;
				LastSwiftUpdateCheck = 1420;
				LastUpgradeCheck = 1420;
				TargetAttributes = {
					8F81C5BC29FAE760004CD990 = {
						CreatedOnToolsVersion = 14.2;
					};
				};
			};
			buildConfigurationList = 8F81C5B829FAE760004CD990 /* Build configuration list for PBXProject "PokemonData" */;
			compatibilityVersion = "Xcode 14.0";
			developmentRegion = en;
			hasScannedForEncodings = 0;
			knownRegions = (
				en,
				Base,
			);
			mainGroup = 8F81C5B429FAE760004CD990;
			productRefGroup = 8F81C5BE29FAE760004CD990 /* Products */;
			projectDirPath = "";
			projectRoot = "";
			targets = (
				8F81C5BC29FAE760004CD990 /* PokemonData */,
			);
		};
/* End PBXProject section */

/* Begin PBXResourcesBuildPhase section */
		8F81C5BB29FAE760004CD990 /* Resources */ = {
			isa = PBXResourcesBuildPhase;
			buildActionMask = 2147483647;
			files = (
				8F81C5C829FAE763004CD990 /* Preview Assets.xcassets in Resources */,
				8F81C5C529FAE763004CD990 /* Assets.xcassets in Resources */,
			);
			runOnlyForDeploymentPostprocessing = 0;
		};
/* End PBXResourcesBuildPhase section */

/* Begin PBXSourcesBuildPhase section */
		8F81C5B929FAE760004CD990 /* Sources */ = {
			isa = PBXSourcesBuildPhase;
			buildActionMask = 2147483647;
			files = (
				8F81C5D329FAE8AE004CD990 /* APIManagerUsingProtocol.swift in Sources */,
				8F81C5DD29FAF133004CD990 /* PokemonDetailView.swift in Sources */,
				8F81C5E129FAF49E004CD990 /* PokemonDetail.swift in Sources */,
				8F81C5C329FAE760004CD990 /* ContentView.swift in Sources */,
				8F81C5C129FAE760004CD990 /* PokemonDataApp.swift in Sources */,
				8F81C5DB29FAEF06004CD990 /* ApiView.swift in Sources */,
				8F81C5D729FAEE7C004CD990 /* PokemonModel.swift in Sources */,
				8F81C5D929FAEEBA004CD990 /* Ability.swift in Sources */,
				8F81C5E329FD717B004CD990 /* APIManager.swift in Sources */,
				8F81C5D529FAED0C004CD990 /* ApiViewModel.swift in Sources */,
				8F81C5DF29FAF279004CD990 /* Abilities.swift in Sources */,
			);
			runOnlyForDeploymentPostprocessing = 0;
		};
/* End PBXSourcesBuildPhase section */

/* Begin XCBuildConfiguration section */
		8F81C5C929FAE763004CD990 /* Debug */ = {
			isa = XCBuildConfiguration;
			buildSettings = {
				ALWAYS_SEARCH_USER_PATHS = NO;
				CLANG_ANALYZER_NONNULL = YES;
				CLANG_ANALYZER_NUMBER_OBJECT_CONVERSION = YES_AGGRESSIVE;
				CLANG_CXX_LANGUAGE_STANDARD = "gnu++20";
				CLANG_ENABLE_MODULES = YES;
				CLANG_ENABLE_OBJC_ARC = YES;
				CLANG_ENABLE_OBJC_WEAK = YES;
				CLANG_WARN_BLOCK_CAPTURE_AUTORELEASING = YES;
				CLANG_WARN_BOOL_CONVERSION = YES;
				CLANG_WARN_COMMA = YES;
				CLANG_WARN_CONSTANT_CONVERSION = YES;
				CLANG_WARN_DEPRECATED_OBJC_IMPLEMENTATIONS = YES;
				CLANG_WARN_DIRECT_OBJC_ISA_USAGE = YES_ERROR;
				CLANG_WARN_DOCUMENTATION_COMMENTS = YES;
				CLANG_WARN_EMPTY_BODY = YES;
				CLANG_WARN_ENUM_CONVERSION = YES;
				CLANG_WARN_INFINITE_RECURSION = YES;
				CLANG_WARN_INT_CONVERSION = YES;
				CLANG_WARN_NON_LITERAL_NULL_CONVERSION = YES;
				CLANG_WARN_OBJC_IMPLICIT_RETAIN_SELF = YES;
				CLANG_WARN_OBJC_LITERAL_CONVERSION = YES;
				CLANG_WARN_OBJC_ROOT_CLASS = YES_ERROR;
				CLANG_WARN_QUOTED_INCLUDE_IN_FRAMEWORK_HEADER = YES;
				CLANG_WARN_RANGE_LOOP_ANALYSIS = YES;
				CLANG_WARN_STRICT_PROTOTYPES = YES;
				CLANG_WARN_SUSPICIOUS_MOVE = YES;
				CLANG_WARN_UNGUARDED_AVAILABILITY = YES_AGGRESSIVE;
				CLANG_WARN_UNREACHABLE_CODE = YES;
				CLANG_WARN__DUPLICATE_METHOD_MATCH = YES;
				COPY_PHASE_STRIP = NO;
				DEBUG_INFORMATION_FORMAT = dwarf;
				ENABLE_STRICT_OBJC_MSGSEND = YES;
				ENABLE_TESTABILITY = YES;
				GCC_C_LANGUAGE_STANDARD = gnu11;
				GCC_DYNAMIC_NO_PIC = NO;
				GCC_NO_COMMON_BLOCKS = YES;
				GCC_OPTIMIZATION_LEVEL = 0;
				GCC_PREPROCESSOR_DEFINITIONS = (
					"DEBUG=1",
					"$(inherited)",
				);
				GCC_WARN_64_TO_32_BIT_CONVERSION = YES;
				GCC_WARN_ABOUT_RETURN_TYPE = YES_ERROR;
				GCC_WARN_UNDECLARED_SELECTOR = YES;
				GCC_WARN_UNINITIALIZED_AUTOS = YES_AGGRESSIVE;
				GCC_WARN_UNUSED_FUNCTION = YES;
				GCC_WARN_UNUSED_VARIABLE = YES;
				IPHONEOS_DEPLOYMENT_TARGET = 16.2;
				MTL_ENABLE_DEBUG_INFO = INCLUDE_SOURCE;
				MTL_FAST_MATH = YES;
				ONLY_ACTIVE_ARCH = YES;
				SDKROOT = iphoneos;
				SWIFT_ACTIVE_COMPILATION_CONDITIONS = DEBUG;
				SWIFT_OPTIMIZATION_LEVEL = "-Onone";
			};
			name = Debug;
		};
		8F81C5CA29FAE763004CD990 /* Release */ = {
			isa = XCBuildConfiguration;
			buildSettings = {
				ALWAYS_SEARCH_USER_PATHS = NO;
				CLANG_ANALYZER_NONNULL = YES;
				CLANG_ANALYZER_NUMBER_OBJECT_CONVERSION = YES_AGGRESSIVE;
				CLANG_CXX_LANGUAGE_STANDARD = "gnu++20";
				CLANG_ENABLE_MODULES = YES;
				CLANG_ENABLE_OBJC_ARC = YES;
				CLANG_ENABLE_OBJC_WEAK = YES;
				CLANG_WARN_BLOCK_CAPTURE_AUTORELEASING = YES;
				CLANG_WARN_BOOL_CONVERSION = YES;
				CLANG_WARN_COMMA = YES;
				CLANG_WARN_CONSTANT_CONVERSION = YES;
				CLANG_WARN_DEPRECATED_OBJC_IMPLEMENTATIONS = YES;
				CLANG_WARN_DIRECT_OBJC_ISA_USAGE = YES_ERROR;
				CLANG_WARN_DOCUMENTATION_COMMENTS = YES;
				CLANG_WARN_EMPTY_BODY = YES;
				CLANG_WARN_ENUM_CONVERSION = YES;
				CLANG_WARN_INFINITE_RECURSION = YES;
				CLANG_WARN_INT_CONVERSION = YES;
				CLANG_WARN_NON_LITERAL_NULL_CONVERSION = YES;
				CLANG_WARN_OBJC_IMPLICIT_RETAIN_SELF = YES;
				CLANG_WARN_OBJC_LITERAL_CONVERSION = YES;
				CLANG_WARN_OBJC_ROOT_CLASS = YES_ERROR;
				CLANG_WARN_QUOTED_INCLUDE_IN_FRAMEWORK_HEADER = YES;
				CLANG_WARN_RANGE_LOOP_ANALYSIS = YES;
				CLANG_WARN_STRICT_PROTOTYPES = YES;
				CLANG_WARN_SUSPICIOUS_MOVE = YES;
				CLANG_WARN_UNGUARDED_AVAILABILITY = YES_AGGRESSIVE;
				CLANG_WARN_UNREACHABLE_CODE = YES;
				CLANG_WARN__DUPLICATE_METHOD_MATCH = YES;
				COPY_PHASE_STRIP = NO;
				DEBUG_INFORMATION_FORMAT = "dwarf-with-dsym";
				ENABLE_NS_ASSERTIONS = NO;
				ENABLE_STRICT_OBJC_MSGSEND = YES;
				GCC_C_LANGUAGE_STANDARD = gnu11;
				GCC_NO_COMMON_BLOCKS = YES;
				GCC_WARN_64_TO_32_BIT_CONVERSION = YES;
				GCC_WARN_ABOUT_RETURN_TYPE = YES_ERROR;
				GCC_WARN_UNDECLARED_SELECTOR = YES;
				GCC_WARN_UNINITIALIZED_AUTOS = YES_AGGRESSIVE;
				GCC_WARN_UNUSED_FUNCTION = YES;
				GCC_WARN_UNUSED_VARIABLE = YES;
				IPHONEOS_DEPLOYMENT_TARGET = 16.2;
				MTL_ENABLE_DEBUG_INFO = NO;
				MTL_FAST_MATH = YES;
				SDKROOT = iphoneos;
				SWIFT_COMPILATION_MODE = wholemodule;
				SWIFT_OPTIMIZATION_LEVEL = "-O";
				VALIDATE_PRODUCT = YES;
			};
			name = Release;
		};
		8F81C5CC29FAE763004CD990 /* Debug */ = {
			isa = XCBuildConfiguration;
			buildSettings = {
				ASSETCATALOG_COMPILER_APPICON_NAME = AppIcon;
				ASSETCATALOG_COMPILER_GLOBAL_ACCENT_COLOR_NAME = AccentColor;
				CODE_SIGN_STYLE = Automatic;
				CURRENT_PROJECT_VERSION = 1;
				DEVELOPMENT_ASSET_PATHS = "\"PokemonData/Preview Content\"";
				DEVELOPMENT_TEAM = UJBQST367M;
				ENABLE_PREVIEWS = YES;
				GENERATE_INFOPLIST_FILE = YES;
				INFOPLIST_KEY_UIApplicationSceneManifest_Generation = YES;
				INFOPLIST_KEY_UIApplicationSupportsIndirectInputEvents = YES;
				INFOPLIST_KEY_UILaunchScreen_Generation = YES;
				INFOPLIST_KEY_UISupportedInterfaceOrientations_iPad = "UIInterfaceOrientationPortrait UIInterfaceOrientationPortraitUpsideDown UIInterfaceOrientationLandscapeLeft UIInterfaceOrientationLandscapeRight";
				INFOPLIST_KEY_UISupportedInterfaceOrientations_iPhone = "UIInterfaceOrientationPortrait UIInterfaceOrientationLandscapeLeft UIInterfaceOrientationLandscapeRight";
				LD_RUNPATH_SEARCH_PATHS = (
					"$(inherited)",
					"@executable_path/Frameworks",
				);
				MARKETING_VERSION = 1.0;
				PRODUCT_BUNDLE_IDENTIFIER = com.mounikaA.PokemonData;
				PRODUCT_NAME = "$(TARGET_NAME)";
				SWIFT_EMIT_LOC_STRINGS = YES;
				SWIFT_VERSION = 5.0;
				TARGETED_DEVICE_FAMILY = "1,2";
			};
			name = Debug;
		};
		8F81C5CD29FAE763004CD990 /* Release */ = {
			isa = XCBuildConfiguration;
			buildSettings = {
				ASSETCATALOG_COMPILER_APPICON_NAME = AppIcon;
				ASSETCATALOG_COMPILER_GLOBAL_ACCENT_COLOR_NAME = AccentColor;
				CODE_SIGN_STYLE = Automatic;
				CURRENT_PROJECT_VERSION = 1;
				DEVELOPMENT_ASSET_PATHS = "\"PokemonData/Preview Content\"";
				DEVELOPMENT_TEAM = UJBQST367M;
				ENABLE_PREVIEWS = YES;
				GENERATE_INFOPLIST_FILE = YES;
				INFOPLIST_KEY_UIApplicationSceneManifest_Generation = YES;
				INFOPLIST_KEY_UIApplicationSupportsIndirectInputEvents = YES;
				INFOPLIST_KEY_UILaunchScreen_Generation = YES;
				INFOPLIST_KEY_UISupportedInterfaceOrientations_iPad = "UIInterfaceOrientationPortrait UIInterfaceOrientationPortraitUpsideDown UIInterfaceOrientationLandscapeLeft UIInterfaceOrientationLandscapeRight";
				INFOPLIST_KEY_UISupportedInterfaceOrientations_iPhone = "UIInterfaceOrientationPortrait UIInterfaceOrientationLandscapeLeft UIInterfaceOrientationLandscapeRight";
				LD_RUNPATH_SEARCH_PATHS = (
					"$(inherited)",
					"@executable_path/Frameworks",
				);
				MARKETING_VERSION = 1.0;
				PRODUCT_BUNDLE_IDENTIFIER = com.mounikaA.PokemonData;
				PRODUCT_NAME = "$(TARGET_NAME)";
				SWIFT_EMIT_LOC_STRINGS = YES;
				SWIFT_VERSION = 5.0;
				TARGETED_DEVICE_FAMILY = "1,2";
			};
			name = Release;
		};
/* End XCBuildConfiguration section */

/* Begin XCConfigurationList section */
		8F81C5B829FAE760004CD990 /* Build configuration list for PBXProject "PokemonData" */ = {
			isa = XCConfigurationList;
			buildConfigurations = (
				8F81C5C929FAE763004CD990 /* Debug */,
				8F81C5CA29FAE763004CD990 /* Release */,
			);
			defaultConfigurationIsVisible = 0;
			defaultConfigurationName = Release;
		};
		8F81C5CB29FAE763004CD990 /* Build configuration list for PBXNativeTarget "PokemonData" */ = {
			isa = XCConfigurationList;
			buildConfigurations = (
				8F81C5CC29FAE763004CD990 /* Debug */,
				8F81C5CD29FAE763004CD990 /* Release */,
			);
			defaultConfigurationIsVisible = 0;
			defaultConfigurationName = Release;
		};
/* End XCConfigurationList section */
	};
	rootObject = 8F81C5B529FAE760004CD990 /* Project object */;
}
